
Microsoft Visual Studio Solution File, Format Version 12.00
# Visual Studio 15
VisualStudioVersion = 15.0.26430.16
MinimumVisualStudioVersion = 10.0.40219.1
Project("{FAE04EC0-301F-11D3-BF4B-00C04F79EFBC}") = "MessagingCenterDemo.Android", "MessagingCenterDemo\MessagingCenterDemo.Android\MessagingCenterDemo.Android.csproj", "{49202C36-D248-485D-8800-86BDF909808C}"
EndProject
Project("{FAE04EC0-301F-11D3-BF4B-00C04F79EFBC}") = "MessagingCenterDemo", "MessagingCenterDemo\MessagingCenterDemo\MessagingCenterDemo.csproj", "{CB71A282-38AB-47C0-B09C-02B02B271A52}"
EndProject
Project("{FAE04EC0-301F-11D3-BF4B-00C04F79EFBC}") = "MessagingCenterDemo.iOS", "MessagingCenterDemo\MessagingCenterDemo.iOS\MessagingCenterDemo.iOS.csproj", "{1A3C617A-F84E-43F6-8EFD-0AA74F0C964E}"
EndProject
Global
	GlobalSection(SolutionConfigurationPlatforms) = preSolution
		Ad-Hoc|Any CPU = Ad-Hoc|Any CPU
		Ad-Hoc|iPhone = Ad-Hoc|iPhone
		Ad-Hoc|iPhoneSimulator = Ad-Hoc|iPhoneSimulator
		AppStore|Any CPU = AppStore|Any CPU
		AppStore|iPhone = AppStore|iPhone
		AppStore|iPhoneSimulator = AppStore|iPhoneSimulator
		Debug|Any CPU = Debug|Any CPU
		Debug|iPhone = Debug|iPhone
		Debug|iPhoneSimulator = Debug|iPhoneSimulator
		Release|Any CPU = Release|Any CPU
		Release|iPhone = Release|iPhone
		Release|iPhoneSimulator = Release|iPhoneSimulator
	EndGlobalSection
	GlobalSection(ProjectConfigurationPlatforms) = postSolution
		{49202C36-D248-485D-8800-86BDF909808C}.Ad-Hoc|Any CPU.ActiveCfg = Release|Any CPU
		{49202C36-D248-485D-8800-86BDF909808C}.Ad-Hoc|Any CPU.Build.0 = Release|Any CPU
		{49202C36-D248-485D-8800-86BDF909808C}.Ad-Hoc|Any CPU.Deploy.0 = Release|Any CPU
		{49202C36-D248-485D-8800-86BDF909808C}.Ad-Hoc|iPhone.ActiveCfg = Release|Any CPU
		{49202C36-D248-485D-8800-86BDF909808C}.Ad-Hoc|iPhone.Build.0 = Release|Any CPU
		{49202C36-D248-485D-8800-86BDF909808C}.Ad-Hoc|iPhone.Deploy.0 = Release|Any CPU
		{49202C36-D248-485D-8800-86BDF909808C}.Ad-Hoc|iPhoneSimulator.ActiveCfg = Release|Any CPU
		{49202C36-D248-485D-8800-86BDF909808C}.Ad-Hoc|iPhoneSimulator.Build.0 = Release|Any CPU
		{49202C36-D248-485D-8800-86BDF909808C}.Ad-Hoc|iPhoneSimulator.Deploy.0 = Release|Any CPU
		{49202C36-D248-485D-8800-86BDF909808C}.AppStore|Any CPU.ActiveCfg = Release|Any CPU
		{49202C36-D248-485D-8800-86BDF909808C}.AppStore|Any CPU.Build.0 = Release|Any CPU
		{49202C36-D248-485D-8800-86BDF909808C}.AppStore|Any CPU.Deploy.0 = Release|Any CPU
		{49202C36-D248-485D-8800-86BDF909808C}.AppStore|iPhone.ActiveCfg = Release|Any CPU
		{49202C36-D248-485D-8800-86BDF909808C}.AppStore|iPhone.Build.0 = Release|Any CPU
		{49202C36-D248-485D-8800-86BDF909808C}.AppStore|iPhone.Deploy.0 = Release|Any CPU
		{49202C36-D248-485D-8800-86BDF909808C}.AppStore|iPhoneSimulator.ActiveCfg = Release|Any CPU
		{49202C36-D248-485D-8800-86BDF909808C}.AppStore|iPhoneSimulator.Build.0 = Release|Any CPU
		{49202C36-D248-485D-8800-86BDF909808C}.AppStore|iPhoneSimulator.Deploy.0 = Release|Any CPU
		{49202C36-D248-485D-8800-86BDF909808C}.Debug|Any CPU.ActiveCfg = Debug|Any CPU
		{49202C36-D248-485D-8800-86BDF909808C}.Debug|Any CPU.Build.0 = Debug|Any CPU
		{49202C36-D248-485D-8800-86BDF909808C}.Debug|Any CPU.Deploy.0 = Debug|Any CPU
		{49202C36-D248-485D-8800-86BDF909808C}.Debug|iPhone.ActiveCfg = Debug|Any CPU
		{49202C36-D248-485D-8800-86BDF909808C}.Debug|iPhone.Build.0 = Debug|Any CPU
		{49202C36-D248-485D-8800-86BDF909808C}.Debug|iPhone.Deploy.0 = Debug|Any CPU
		{49202C36-D248-485D-8800-86BDF909808C}.Debug|iPhoneSimulator.ActiveCfg = Debug|Any CPU
		{49202C36-D248-485D-8800-86BDF909808C}.Debug|iPhoneSimulator.Build.0 = Debug|Any CPU
		{49202C36-D248-485D-8800-86BDF909808C}.Debug|iPhoneSimulator.Deploy.0 = Debug|Any CPU
		{49202C36-D248-485D-8800-86BDF909808C}.Release|Any CPU.ActiveCfg = Release|Any CPU
		{49202C36-D248-485D-8800-86BDF909808C}.Release|Any CPU.Build.0 = Release|Any CPU
		{49202C36-D248-485D-8800-86BDF909808C}.Release|Any CPU.Deploy.0 = Release|Any CPU
		{49202C36-D248-485D-8800-86BDF909808C}.Release|iPhone.ActiveCfg = Release|Any CPU
		{49202C36-D248-485D-8800-86BDF909808C}.Release|iPhone.Build.0 = Release|Any CPU
		{49202C36-D248-485D-8800-86BDF909808C}.Release|iPhone.Deploy.0 = Release|Any CPU
		{49202C36-D248-485D-8800-86BDF909808C}.Release|iPhoneSimulator.ActiveCfg = Release|Any CPU
		{49202C36-D248-485D-8800-86BDF909808C}.Release|iPhoneSimulator.Build.0 = Release|Any CPU
		{49202C36-D248-485D-8800-86BDF909808C}.Release|iPhoneSimulator.Deploy.0 = Release|Any CPU
		{CB71A282-38AB-47C0-B09C-02B02B271A52}.Ad-Hoc|Any CPU.ActiveCfg = Release|Any CPU
		{CB71A282-38AB-47C0-B09C-02B02B271A52}.Ad-Hoc|Any CPU.Build.0 = Release|Any CPU
		{CB71A282-38AB-47C0-B09C-02B02B271A52}.Ad-Hoc|iPhone.ActiveCfg = Release|Any CPU
		{CB71A282-38AB-47C0-B09C-02B02B271A52}.Ad-Hoc|iPhone.Build.0 = Release|Any CPU
		{CB71A282-38AB-47C0-B09C-02B02B271A52}.Ad-Hoc|iPhoneSimulator.ActiveCfg = Release|Any CPU
		{CB71A282-38AB-47C0-B09C-02B02B271A52}.Ad-Hoc|iPhoneSimulator.Build.0 = Release|Any CPU
		{CB71A282-38AB-47C0-B09C-02B02B271A52}.AppStore|Any CPU.ActiveCfg = Release|Any CPU
		{CB71A282-38AB-47C0-B09C-02B02B271A52}.AppStore|Any CPU.Build.0 = Release|Any CPU
		{CB71A282-38AB-47C0-B09C-02B02B271A52}.AppStore|iPhone.ActiveCfg = Release|Any CPU
		{CB71A282-38AB-47C0-B09C-02B02B271A52}.AppStore|iPhone.Build.0 = Release|Any CPU
		{CB71A282-38AB-47C0-B09C-02B02B271A52}.AppStore|iPhoneSimulator.ActiveCfg = Release|Any CPU
		{CB71A282-38AB-47C0-B09C-02B02B271A52}.AppStore|iPhoneSimulator.Build.0 = Release|Any CPU
		{CB71A282-38AB-47C0-B09C-02B02B271A52}.Debug|Any CPU.ActiveCfg = Debug|Any CPU
		{CB71A282-38AB-47C0-B09C-02B02B271A52}.Debug|Any CPU.Build.0 = Debug|Any CPU
		{CB71A282-38AB-47C0-B09C-02B02B271A52}.Debug|iPhone.ActiveCfg = Debug|Any CPU
		{CB71A282-38AB-47C0-B09C-02B02B271A52}.Debug|iPhone.Build.0 = Debug|Any CPU
		{CB71A282-38AB-47C0-B09C-02B02B271A52}.Debug|iPhoneSimulator.ActiveCfg = Debug|Any CPU
		{CB71A282-38AB-47C0-B09C-02B02B271A52}.Debug|iPhoneSimulator.Build.0 = Debug|Any CPU
		{CB71A282-38AB-47C0-B09C-02B02B271A52}.Release|Any CPU.ActiveCfg = Release|Any CPU
		{CB71A282-38AB-47C0-B09C-02B02B271A52}.Release|Any CPU.Build.0 = Release|Any CPU
		{CB71A282-38AB-47C0-B09C-02B02B271A52}.Release|iPhone.ActiveCfg = Release|Any CPU
		{CB71A282-38AB-47C0-B09C-02B02B271A52}.Release|iPhone.Build.0 = Release|Any CPU
		{CB71A282-38AB-47C0-B09C-02B02B271A52}.Release|iPhoneSimulator.ActiveCfg = Release|Any CPU
		{CB71A282-38AB-47C0-B09C-02B02B271A52}.Release|iPhoneSimulator.Build.0 = Release|Any CPU
		{1A3C617A-F84E-43F6-8EFD-0AA74F0C964E}.Ad-Hoc|Any CPU.ActiveCfg = Ad-Hoc|iPhone
		{1A3C617A-F84E-43F6-8EFD-0AA74F0C964E}.Ad-Hoc|iPhone.ActiveCfg = Ad-Hoc|iPhone
		{1A3C617A-F84E-43F6-8EFD-0AA74F0C964E}.Ad-Hoc|iPhone.Build.0 = Ad-Hoc|iPhone
		{1A3C617A-F84E-43F6-8EFD-0AA74F0C964E}.Ad-Hoc|iPhoneSimulator.ActiveCfg = Ad-Hoc|iPhoneSimulator
		{1A3C617A-F84E-43F6-8EFD-0AA74F0C964E}.Ad-Hoc|iPhoneSimulator.Build.0 = Ad-Hoc|iPhoneSimulator
		{1A3C617A-F84E-43F6-8EFD-0AA74F0C964E}.AppStore|Any CPU.ActiveCfg = AppStore|iPhone
		{1A3C617A-F84E-43F6-8EFD-0AA74F0C964E}.AppStore|iPhone.ActiveCfg = AppStore|iPhone
		{1A3C617A-F84E-43F6-8EFD-0AA74F0C964E}.AppStore|iPhone.Build.0 = AppStore|iPhone
		{1A3C617A-F84E-43F6-8EFD-0AA74F0C964E}.AppStore|iPhoneSimulator.ActiveCfg = AppStore|iPhoneSimulator
		{1A3C617A-F84E-43F6-8EFD-0AA74F0C964E}.AppStore|iPhoneSimulator.Build.0 = AppStore|iPhoneSimulator
		{1A3C617A-F84E-43F6-8EFD-0AA74F0C964E}.Debug|Any CPU.ActiveCfg = Debug|iPhone
		{1A3C617A-F84E-43F6-8EFD-0AA74F0C964E}.Debug|iPhone.ActiveCfg = Debug|iPhone
		{1A3C617A-F84E-43F6-8EFD-0AA74F0C964E}.Debug|iPhone.Build.0 = Debug|iPhone
		{1A3C617A-F84E-43F6-8EFD-0AA74F0C964E}.Debug|iPhoneSimulator.ActiveCfg = Debug|iPhoneSimulator
		{1A3C617A-F84E-43F6-8EFD-0AA74F0C964E}.Debug|iPhoneSimulator.Build.0 = Debug|iPhoneSimulator
		{1A3C617A-F84E-43F6-8EFD-0AA74F0C964E}.Release|Any CPU.ActiveCfg = Release|iPhone
		{1A3C617A-F84E-43F6-8EFD-0AA74F0C964E}.Release|iPhone.ActiveCfg = Release|iPhone
		{1A3C617A-F84E-43F6-8EFD-0AA74F0C964E}.Release|iPhone.Build.0 = Release|iPhone
		{1A3C617A-F84E-43F6-8EFD-0AA74F0C964E}.Release|iPhoneSimulator.ActiveCfg = Release|iPhoneSimulator
		{1A3C617A-F84E-43F6-8EFD-0AA74F0C964E}.Release|iPhoneSimulator.Build.0 = Release|iPhoneSimulator
	EndGlobalSection
	GlobalSection(SolutionProperties) = preSolution
		HideSolutionNode = FALSE
	EndGlobalSection
EndGlobal
